
Microsoft Visual Studio Solution File, Format Version 12.00
# Visual Studio Version 17
VisualStudioVersion = 17.3.32929.385
MinimumVisualStudioVersion = 10.0.40219.1
Project("{FAE04EC0-301F-11D3-BF4B-00C04F79EFBC}") = "neuro-wrangler", "neuro-wrangler.csproj", "{DA800BA8-0A09-44DE-B180-56590002ED34}"
EndProject
Global
	GlobalSection(SolutionConfigurationPlatforms) = preSolution
		Debug|Any CPU = Debug|Any CPU
		Release|Any CPU = Release|Any CPU
	EndGlobalSection
	GlobalSection(ProjectConfigurationPlatforms) = postSolution
		{DA800BA8-0A09-44DE-B180-56590002ED34}.Debug|Any CPU.ActiveCfg = Debug|Any CPU
		{DA800BA8-0A09-44DE-B180-56590002ED34}.Debug|Any CPU.Build.0 = Debug|Any CPU
		{DA800BA8-0A09-44DE-B180-56590002ED34}.Release|Any CPU.ActiveCfg = Release|Any CPU
		{DA800BA8-0A09-44DE-B180-56590002ED34}.Release|Any CPU.Build.0 = Release|Any CPU
	EndGlobalSection
	GlobalSection(SolutionProperties) = preSolution
		HideSolutionNode = FALSE
	EndGlobalSection
	GlobalSection(ExtensibilityGlobals) = postSolution
		SolutionGuid = {B60C63A5-EAE6-41E9-802F-B2F642C8D396}
	EndGlobalSection
EndGlobal
